
Microsoft Visual Studio Solution File, Format Version 12.00
# Visual Studio Version 17
VisualStudioVersion = 17.9.34728.123
MinimumVisualStudioVersion = 10.0.40219.1
Project("{FAE04EC0-301F-11D3-BF4B-00C04F79EFBC}") = "Practice(2)ConsoleApp1", "Practice(2)ConsoleApp1\Practice(2)ConsoleApp1.csproj", "{F57C91D0-965D-45E2-BC72-8C4B3862ECE3}"
EndProject
Project("{FAE04EC0-301F-11D3-BF4B-00C04F79EFBC}") = "Practice(2.1)ConsoleApp1", "Practice(2.1)ConsoleApp1\Practice(2.1)ConsoleApp1.csproj", "{3F46C014-E573-4069-8947-2AB553BFDE2A}"
EndProject
Global
	GlobalSection(SolutionConfigurationPlatforms) = preSolution
		Debug|Any CPU = Debug|Any CPU
		Release|Any CPU = Release|Any CPU
	EndGlobalSection
	GlobalSection(ProjectConfigurationPlatforms) = postSolution
		{F57C91D0-965D-45E2-BC72-8C4B3862ECE3}.Debug|Any CPU.ActiveCfg = Debug|Any CPU
		{F57C91D0-965D-45E2-BC72-8C4B3862ECE3}.Debug|Any CPU.Build.0 = Debug|Any CPU
		{F57C91D0-965D-45E2-BC72-8C4B3862ECE3}.Release|Any CPU.ActiveCfg = Release|Any CPU
		{F57C91D0-965D-45E2-BC72-8C4B3862ECE3}.Release|Any CPU.Build.0 = Release|Any CPU
		{3F46C014-E573-4069-8947-2AB553BFDE2A}.Debug|Any CPU.ActiveCfg = Debug|Any CPU
		{3F46C014-E573-4069-8947-2AB553BFDE2A}.Debug|Any CPU.Build.0 = Debug|Any CPU
		{3F46C014-E573-4069-8947-2AB553BFDE2A}.Release|Any CPU.ActiveCfg = Release|Any CPU
		{3F46C014-E573-4069-8947-2AB553BFDE2A}.Release|Any CPU.Build.0 = Release|Any CPU
	EndGlobalSection
	GlobalSection(SolutionProperties) = preSolution
		HideSolutionNode = FALSE
	EndGlobalSection
	GlobalSection(ExtensibilityGlobals) = postSolution
		SolutionGuid = {5125C6BC-85DE-4260-A0E4-9C331DB764F0}
	EndGlobalSection
EndGlobal
